
Microsoft Visual Studio Solution File, Format Version 12.00
# Visual Studio 15
VisualStudioVersion = 15.0.28307.168
MinimumVisualStudioVersion = 10.0.40219.1
Project("{9A19103F-16F7-4668-BE54-9A1E7A4F7556}") = "Domain.Abstractions", "src\Domain.Abstractions\Domain.Abstractions.csproj", "{AACA4445-A5D6-447F-A11C-635663D09847}"
EndProject
Project("{9A19103F-16F7-4668-BE54-9A1E7A4F7556}") = "Domain.Logic", "src\Domain.Logic\Domain.Logic.csproj", "{0470A312-DFE4-4CAA-8CD9-5F8B779BB42D}"
EndProject
Project("{9A19103F-16F7-4668-BE54-9A1E7A4F7556}") = "Infrastructure", "src\Infrastructure\Infrastructure.csproj", "{2A591EA4-AECC-4791-9C43-6B2326AC806A}"
EndProject
Project("{9A19103F-16F7-4668-BE54-9A1E7A4F7556}") = "Web.RazorPages", "src\Web.RazorPages\Web.RazorPages.csproj", "{78BDA2A3-CC27-44EA-9771-2EB3D8C8AA83}"
EndProject
Project("{9A19103F-16F7-4668-BE54-9A1E7A4F7556}") = "Domain.Tests.Integration", "tests\Domain.Tests.Integration\Domain.Tests.Integration.csproj", "{8322AACA-5B62-4530-947E-D588D3ABDD88}"
EndProject
Project("{9A19103F-16F7-4668-BE54-9A1E7A4F7556}") = "Domain.Tests.Unit", "tests\Domain.Tests.Unit\Domain.Tests.Unit.csproj", "{5092FFA7-2788-4B4B-A870-F95F622B70BD}"
EndProject
Project("{9A19103F-16F7-4668-BE54-9A1E7A4F7556}") = "Infrastructure.Tests.Integration", "tests\Infrastructure.Tests.Intergation\Infrastructure.Tests.Integration.csproj", "{812E0CE6-794A-449D-B639-3DFFE638C6D1}"
EndProject
Project("{9A19103F-16F7-4668-BE54-9A1E7A4F7556}") = "Infrastructure.Tests.Unit", "tests\Infrastructure.Tests.Unit\Infrastructure.Tests.Unit.csproj", "{042D2F61-0E39-48C2-AC8F-FE744EF0C004}"
EndProject
Project("{9A19103F-16F7-4668-BE54-9A1E7A4F7556}") = "Web.RazorPages.Tests.Functional", "tests\Web.RazorPages.Tests.Functional\Web.RazorPages.Tests.Functional.csproj", "{163B7A19-550F-478C-8796-F6368FAC4F6A}"
EndProject
Project("{9A19103F-16F7-4668-BE54-9A1E7A4F7556}") = "Web.RazorPages.Tests.Unit", "tests\Web.RazorPages.Tests.Unit\Web.RazorPages.Tests.Unit.csproj", "{840A6DCC-495C-4362-A36A-757566C706C5}"
EndProject
Project("{FAE04EC0-301F-11D3-BF4B-00C04F79EFBC}") = "Tests.Shared", "tests\Tests.Shared\Tests.Shared.csproj", "{71E17186-825F-42C1-B736-075C0F2F4D96}"
EndProject
Global
	GlobalSection(SolutionConfigurationPlatforms) = preSolution
		Debug|Any CPU = Debug|Any CPU
		Release|Any CPU = Release|Any CPU
	EndGlobalSection
	GlobalSection(ProjectConfigurationPlatforms) = postSolution
		{AACA4445-A5D6-447F-A11C-635663D09847}.Debug|Any CPU.ActiveCfg = Debug|Any CPU
		{AACA4445-A5D6-447F-A11C-635663D09847}.Debug|Any CPU.Build.0 = Debug|Any CPU
		{AACA4445-A5D6-447F-A11C-635663D09847}.Release|Any CPU.ActiveCfg = Release|Any CPU
		{AACA4445-A5D6-447F-A11C-635663D09847}.Release|Any CPU.Build.0 = Release|Any CPU
		{0470A312-DFE4-4CAA-8CD9-5F8B779BB42D}.Debug|Any CPU.ActiveCfg = Debug|Any CPU
		{0470A312-DFE4-4CAA-8CD9-5F8B779BB42D}.Debug|Any CPU.Build.0 = Debug|Any CPU
		{0470A312-DFE4-4CAA-8CD9-5F8B779BB42D}.Release|Any CPU.ActiveCfg = Release|Any CPU
		{0470A312-DFE4-4CAA-8CD9-5F8B779BB42D}.Release|Any CPU.Build.0 = Release|Any CPU
		{2A591EA4-AECC-4791-9C43-6B2326AC806A}.Debug|Any CPU.ActiveCfg = Debug|Any CPU
		{2A591EA4-AECC-4791-9C43-6B2326AC806A}.Debug|Any CPU.Build.0 = Debug|Any CPU
		{2A591EA4-AECC-4791-9C43-6B2326AC806A}.Release|Any CPU.ActiveCfg = Release|Any CPU
		{2A591EA4-AECC-4791-9C43-6B2326AC806A}.Release|Any CPU.Build.0 = Release|Any CPU
		{78BDA2A3-CC27-44EA-9771-2EB3D8C8AA83}.Debug|Any CPU.ActiveCfg = Debug|Any CPU
		{78BDA2A3-CC27-44EA-9771-2EB3D8C8AA83}.Debug|Any CPU.Build.0 = Debug|Any CPU
		{78BDA2A3-CC27-44EA-9771-2EB3D8C8AA83}.Release|Any CPU.ActiveCfg = Release|Any CPU
		{78BDA2A3-CC27-44EA-9771-2EB3D8C8AA83}.Release|Any CPU.Build.0 = Release|Any CPU
		{8322AACA-5B62-4530-947E-D588D3ABDD88}.Debug|Any CPU.ActiveCfg = Debug|Any CPU
		{8322AACA-5B62-4530-947E-D588D3ABDD88}.Debug|Any CPU.Build.0 = Debug|Any CPU
		{8322AACA-5B62-4530-947E-D588D3ABDD88}.Release|Any CPU.ActiveCfg = Release|Any CPU
		{8322AACA-5B62-4530-947E-D588D3ABDD88}.Release|Any CPU.Build.0 = Release|Any CPU
		{5092FFA7-2788-4B4B-A870-F95F622B70BD}.Debug|Any CPU.ActiveCfg = Debug|Any CPU
		{5092FFA7-2788-4B4B-A870-F95F622B70BD}.Debug|Any CPU.Build.0 = Debug|Any CPU
		{5092FFA7-2788-4B4B-A870-F95F622B70BD}.Release|Any CPU.ActiveCfg = Release|Any CPU
		{5092FFA7-2788-4B4B-A870-F95F622B70BD}.Release|Any CPU.Build.0 = Release|Any CPU
		{812E0CE6-794A-449D-B639-3DFFE638C6D1}.Debug|Any CPU.ActiveCfg = Debug|Any CPU
		{812E0CE6-794A-449D-B639-3DFFE638C6D1}.Debug|Any CPU.Build.0 = Debug|Any CPU
		{812E0CE6-794A-449D-B639-3DFFE638C6D1}.Release|Any CPU.ActiveCfg = Release|Any CPU
		{812E0CE6-794A-449D-B639-3DFFE638C6D1}.Release|Any CPU.Build.0 = Release|Any CPU
		{042D2F61-0E39-48C2-AC8F-FE744EF0C004}.Debug|Any CPU.ActiveCfg = Debug|Any CPU
		{042D2F61-0E39-48C2-AC8F-FE744EF0C004}.Debug|Any CPU.Build.0 = Debug|Any CPU
		{042D2F61-0E39-48C2-AC8F-FE744EF0C004}.Release|Any CPU.ActiveCfg = Release|Any CPU
		{042D2F61-0E39-48C2-AC8F-FE744EF0C004}.Release|Any CPU.Build.0 = Release|Any CPU
		{163B7A19-550F-478C-8796-F6368FAC4F6A}.Debug|Any CPU.ActiveCfg = Debug|Any CPU
		{163B7A19-550F-478C-8796-F6368FAC4F6A}.Debug|Any CPU.Build.0 = Debug|Any CPU
		{163B7A19-550F-478C-8796-F6368FAC4F6A}.Release|Any CPU.ActiveCfg = Release|Any CPU
		{163B7A19-550F-478C-8796-F6368FAC4F6A}.Release|Any CPU.Build.0 = Release|Any CPU
		{840A6DCC-495C-4362-A36A-757566C706C5}.Debug|Any CPU.ActiveCfg = Debug|Any CPU
		{840A6DCC-495C-4362-A36A-757566C706C5}.Debug|Any CPU.Build.0 = Debug|Any CPU
		{840A6DCC-495C-4362-A36A-757566C706C5}.Release|Any CPU.ActiveCfg = Release|Any CPU
		{840A6DCC-495C-4362-A36A-757566C706C5}.Release|Any CPU.Build.0 = Release|Any CPU
		{71E17186-825F-42C1-B736-075C0F2F4D96}.Debug|Any CPU.ActiveCfg = Debug|Any CPU
		{71E17186-825F-42C1-B736-075C0F2F4D96}.Debug|Any CPU.Build.0 = Debug|Any CPU
		{71E17186-825F-42C1-B736-075C0F2F4D96}.Release|Any CPU.ActiveCfg = Release|Any CPU
		{71E17186-825F-42C1-B736-075C0F2F4D96}.Release|Any CPU.Build.0 = Release|Any CPU
	EndGlobalSection
	GlobalSection(SolutionProperties) = preSolution
		HideSolutionNode = FALSE
	EndGlobalSection
	GlobalSection(ExtensibilityGlobals) = postSolution
		SolutionGuid = {F8504C9F-2821-431C-8BFB-E0D8D82E1545}
	EndGlobalSection
EndGlobal
